
Microsoft Visual Studio Solution File, Format Version 12.00
# Visual Studio Version 17
VisualStudioVersion = 17.8.34330.188
MinimumVisualStudioVersion = 15.0.26124.0
Project("{9A19103F-16F7-4668-BE54-9A1E7A4F7556}") = "Lidarr.Plugin.Tidal", "Lidarr.Plugin.Tidal\Lidarr.Plugin.Tidal.csproj", "{03AEA254-BEB0-4848-891E-3F8F9DDD3F56}"
EndProject
Project("{2150E333-8FDC-42A3-9474-1A3956D46DE8}") = "Solution Items", "Solution Items", "{26D0C62E-1003-46DB-A2E0-3DF7D75BCAA1}"
EndProject
Project("{911E67C6-3D85-4FCE-B560-20A9C3E3FF48}") = "Lidarr.Console", "..\..\Lidarr\_artifacts\win-x64\net6.0\Lidarr\Lidarr.Console.exe", "{04F6B3DE-C567-4323-B451-23F19F9D1E44}"
	ProjectSection(DebuggerProjectSystem) = preProject
		PortSupplier = 00000000-0000-0000-0000-000000000000
		Executable = X:\Projects\GitHub\Lidarr\_artifacts\win-x64\net6.0\Lidarr\Lidarr.Console.exe
		RemoteMachine = DESKTOP-V8L78GV
		StartingDirectory = X:\Projects\GitHub\Lidarr\_artifacts\win-x64\net6.0\Lidarr
		Environment = Default
		LaunchingEngine = 00000000-0000-0000-0000-000000000000
		UseLegacyDebugEngines = No
		LaunchSQLEngine = No
		AttachLaunchAction = No
		IORedirection = Auto
	EndProjectSection
EndProject
Project("{2150E333-8FDC-42A3-9474-1A3956D46DE8}") = "External", "External", "{E24761E9-55F2-4714-A913-959BD52428BC}"
EndProject
Project("{FAE04EC0-301F-11D3-BF4B-00C04F79EFBC}") = "Lidarr.Core", "..\ext\Lidarr\src\NzbDrone.Core\Lidarr.Core.csproj", "{CA543BEA-8AC6-4814-B6B8-0328678172B1}"
EndProject
Project("{FAE04EC0-301F-11D3-BF4B-00C04F79EFBC}") = "Lidarr.Common", "..\ext\Lidarr\src\NzbDrone.Common\Lidarr.Common.csproj", "{0B88E439-1107-450D-9547-034EDD5B3120}"
EndProject
Project("{FAE04EC0-301F-11D3-BF4B-00C04F79EFBC}") = "TidalSharp", "TidalSharp\TidalSharp.csproj", "{67972C8A-E989-4796-AC23-D8371AC8350F}"
EndProject
Global
	GlobalSection(SolutionConfigurationPlatforms) = preSolution
		Debug|Any CPU = Debug|Any CPU
		Debug|x64 = Debug|x64
		Debug|x86 = Debug|x86
		Release|Any CPU = Release|Any CPU
		Release|x64 = Release|x64
		Release|x86 = Release|x86
	EndGlobalSection
	GlobalSection(ProjectConfigurationPlatforms) = postSolution
		{03AEA254-BEB0-4848-891E-3F8F9DDD3F56}.Debug|Any CPU.ActiveCfg = Debug|Any CPU
		{03AEA254-BEB0-4848-891E-3F8F9DDD3F56}.Debug|Any CPU.Build.0 = Debug|Any CPU
		{03AEA254-BEB0-4848-891E-3F8F9DDD3F56}.Debug|x64.ActiveCfg = Debug|Any CPU
		{03AEA254-BEB0-4848-891E-3F8F9DDD3F56}.Debug|x64.Build.0 = Debug|Any CPU
		{03AEA254-BEB0-4848-891E-3F8F9DDD3F56}.Debug|x86.ActiveCfg = Debug|Any CPU
		{03AEA254-BEB0-4848-891E-3F8F9DDD3F56}.Debug|x86.Build.0 = Debug|Any CPU
		{03AEA254-BEB0-4848-891E-3F8F9DDD3F56}.Release|Any CPU.ActiveCfg = Release|Any CPU
		{03AEA254-BEB0-4848-891E-3F8F9DDD3F56}.Release|Any CPU.Build.0 = Release|Any CPU
		{03AEA254-BEB0-4848-891E-3F8F9DDD3F56}.Release|x64.ActiveCfg = Release|Any CPU
		{03AEA254-BEB0-4848-891E-3F8F9DDD3F56}.Release|x64.Build.0 = Release|Any CPU
		{03AEA254-BEB0-4848-891E-3F8F9DDD3F56}.Release|x86.ActiveCfg = Release|Any CPU
		{03AEA254-BEB0-4848-891E-3F8F9DDD3F56}.Release|x86.Build.0 = Release|Any CPU
		{04F6B3DE-C567-4323-B451-23F19F9D1E44}.Debug|Any CPU.ActiveCfg = Release|x64
		{04F6B3DE-C567-4323-B451-23F19F9D1E44}.Debug|x64.ActiveCfg = Release|x64
		{04F6B3DE-C567-4323-B451-23F19F9D1E44}.Debug|x86.ActiveCfg = Release|x64
		{04F6B3DE-C567-4323-B451-23F19F9D1E44}.Release|Any CPU.ActiveCfg = Release|x64
		{04F6B3DE-C567-4323-B451-23F19F9D1E44}.Release|x64.ActiveCfg = Release|x64
		{04F6B3DE-C567-4323-B451-23F19F9D1E44}.Release|x86.ActiveCfg = Release|x64
		{CA543BEA-8AC6-4814-B6B8-0328678172B1}.Debug|Any CPU.ActiveCfg = Debug|Any CPU
		{CA543BEA-8AC6-4814-B6B8-0328678172B1}.Debug|Any CPU.Build.0 = Debug|Any CPU
		{CA543BEA-8AC6-4814-B6B8-0328678172B1}.Debug|x64.ActiveCfg = Debug|Any CPU
		{CA543BEA-8AC6-4814-B6B8-0328678172B1}.Debug|x64.Build.0 = Debug|Any CPU
		{CA543BEA-8AC6-4814-B6B8-0328678172B1}.Debug|x86.ActiveCfg = Debug|Any CPU
		{CA543BEA-8AC6-4814-B6B8-0328678172B1}.Debug|x86.Build.0 = Debug|Any CPU
		{CA543BEA-8AC6-4814-B6B8-0328678172B1}.Release|Any CPU.ActiveCfg = Release|Any CPU
		{CA543BEA-8AC6-4814-B6B8-0328678172B1}.Release|Any CPU.Build.0 = Release|Any CPU
		{CA543BEA-8AC6-4814-B6B8-0328678172B1}.Release|x64.ActiveCfg = Release|Any CPU
		{CA543BEA-8AC6-4814-B6B8-0328678172B1}.Release|x64.Build.0 = Release|Any CPU
		{CA543BEA-8AC6-4814-B6B8-0328678172B1}.Release|x86.ActiveCfg = Release|Any CPU
		{CA543BEA-8AC6-4814-B6B8-0328678172B1}.Release|x86.Build.0 = Release|Any CPU
		{0B88E439-1107-450D-9547-034EDD5B3120}.Debug|Any CPU.ActiveCfg = Debug|Any CPU
		{0B88E439-1107-450D-9547-034EDD5B3120}.Debug|Any CPU.Build.0 = Debug|Any CPU
		{0B88E439-1107-450D-9547-034EDD5B3120}.Debug|x64.ActiveCfg = Debug|Any CPU
		{0B88E439-1107-450D-9547-034EDD5B3120}.Debug|x64.Build.0 = Debug|Any CPU
		{0B88E439-1107-450D-9547-034EDD5B3120}.Debug|x86.ActiveCfg = Debug|Any CPU
		{0B88E439-1107-450D-9547-034EDD5B3120}.Debug|x86.Build.0 = Debug|Any CPU
		{0B88E439-1107-450D-9547-034EDD5B3120}.Release|Any CPU.ActiveCfg = Release|Any CPU
		{0B88E439-1107-450D-9547-034EDD5B3120}.Release|Any CPU.Build.0 = Release|Any CPU
		{0B88E439-1107-450D-9547-034EDD5B3120}.Release|x64.ActiveCfg = Release|Any CPU
		{0B88E439-1107-450D-9547-034EDD5B3120}.Release|x64.Build.0 = Release|Any CPU
		{0B88E439-1107-450D-9547-034EDD5B3120}.Release|x86.ActiveCfg = Release|Any CPU
		{0B88E439-1107-450D-9547-034EDD5B3120}.Release|x86.Build.0 = Release|Any CPU
		{67972C8A-E989-4796-AC23-D8371AC8350F}.Debug|Any CPU.ActiveCfg = Debug|Any CPU
		{67972C8A-E989-4796-AC23-D8371AC8350F}.Debug|Any CPU.Build.0 = Debug|Any CPU
		{67972C8A-E989-4796-AC23-D8371AC8350F}.Debug|x64.ActiveCfg = Debug|Any CPU
		{67972C8A-E989-4796-AC23-D8371AC8350F}.Debug|x64.Build.0 = Debug|Any CPU
		{67972C8A-E989-4796-AC23-D8371AC8350F}.Debug|x86.ActiveCfg = Debug|Any CPU
		{67972C8A-E989-4796-AC23-D8371AC8350F}.Debug|x86.Build.0 = Debug|Any CPU
		{67972C8A-E989-4796-AC23-D8371AC8350F}.Release|Any CPU.ActiveCfg = Release|Any CPU
		{67972C8A-E989-4796-AC23-D8371AC8350F}.Release|Any CPU.Build.0 = Release|Any CPU
		{67972C8A-E989-4796-AC23-D8371AC8350F}.Release|x64.ActiveCfg = Release|Any CPU
		{67972C8A-E989-4796-AC23-D8371AC8350F}.Release|x64.Build.0 = Release|Any CPU
		{67972C8A-E989-4796-AC23-D8371AC8350F}.Release|x86.ActiveCfg = Release|Any CPU
		{67972C8A-E989-4796-AC23-D8371AC8350F}.Release|x86.Build.0 = Release|Any CPU
	EndGlobalSection
	GlobalSection(SolutionProperties) = preSolution
		HideSolutionNode = FALSE
	EndGlobalSection
	GlobalSection(NestedProjects) = preSolution
		{CA543BEA-8AC6-4814-B6B8-0328678172B1} = {E24761E9-55F2-4714-A913-959BD52428BC}
		{0B88E439-1107-450D-9547-034EDD5B3120} = {E24761E9-55F2-4714-A913-959BD52428BC}
	EndGlobalSection
	GlobalSection(ExtensibilityGlobals) = postSolution
		SolutionGuid = {FF22661A-52F8-41F4-B1D4-085AF586545F}
	EndGlobalSection
EndGlobal
